
Microsoft Visual Studio Solution File, Format Version 12.00
# Visual Studio Version 17
VisualStudioVersion = 17.4.33103.184
MinimumVisualStudioVersion = 10.0.40219.1
Project("{FAE04EC0-301F-11D3-BF4B-00C04F79EFBC}") = "SingletonRepository", "SingletonRepository\SingletonRepository.csproj", "{EC1BAAA5-FF2F-4169-9000-12A4FC348493}"
EndProject
Project("{FAE04EC0-301F-11D3-BF4B-00C04F79EFBC}") = "SingletonRepository.Tests", "SingletonRepository.Tests\SingletonRepository.Tests.csproj", "{C4B0938A-CD2B-486D-9B85-BEB3A55897CA}"
EndProject
Global
	GlobalSection(SolutionConfigurationPlatforms) = preSolution
		Debug|Any CPU = Debug|Any CPU
		Release|Any CPU = Release|Any CPU
	EndGlobalSection
	GlobalSection(ProjectConfigurationPlatforms) = postSolution
		{EC1BAAA5-FF2F-4169-9000-12A4FC348493}.Debug|Any CPU.ActiveCfg = Debug|Any CPU
		{EC1BAAA5-FF2F-4169-9000-12A4FC348493}.Debug|Any CPU.Build.0 = Debug|Any CPU
		{EC1BAAA5-FF2F-4169-9000-12A4FC348493}.Release|Any CPU.ActiveCfg = Release|Any CPU
		{EC1BAAA5-FF2F-4169-9000-12A4FC348493}.Release|Any CPU.Build.0 = Release|Any CPU
		{C4B0938A-CD2B-486D-9B85-BEB3A55897CA}.Debug|Any CPU.ActiveCfg = Debug|Any CPU
		{C4B0938A-CD2B-486D-9B85-BEB3A55897CA}.Debug|Any CPU.Build.0 = Debug|Any CPU
		{C4B0938A-CD2B-486D-9B85-BEB3A55897CA}.Release|Any CPU.ActiveCfg = Release|Any CPU
		{C4B0938A-CD2B-486D-9B85-BEB3A55897CA}.Release|Any CPU.Build.0 = Release|Any CPU
	EndGlobalSection
	GlobalSection(SolutionProperties) = preSolution
		HideSolutionNode = FALSE
	EndGlobalSection
	GlobalSection(ExtensibilityGlobals) = postSolution
		SolutionGuid = {85F6ED4A-8E23-4109-867F-AF8F772F5669}
	EndGlobalSection
EndGlobal
